
Microsoft Visual Studio Solution File, Format Version 12.00
# Visual Studio 15
VisualStudioVersion = 15.0.28307.329
MinimumVisualStudioVersion = 10.0.40219.1
Project("{FAE04EC0-301F-11D3-BF4B-00C04F79EFBC}") = "BertWebApi2019", "BertWebApi2019\BertWebApi2019.csproj", "{28888A73-B03A-4698-901E-D1181497280A}"
EndProject
Global
	GlobalSection(SolutionConfigurationPlatforms) = preSolution
		Debug|Any CPU = Debug|Any CPU
		Release|Any CPU = Release|Any CPU
	EndGlobalSection
	GlobalSection(ProjectConfigurationPlatforms) = postSolution
		{28888A73-B03A-4698-901E-D1181497280A}.Debug|Any CPU.ActiveCfg = Debug|Any CPU
		{28888A73-B03A-4698-901E-D1181497280A}.Debug|Any CPU.Build.0 = Debug|Any CPU
		{28888A73-B03A-4698-901E-D1181497280A}.Release|Any CPU.ActiveCfg = Release|Any CPU
		{28888A73-B03A-4698-901E-D1181497280A}.Release|Any CPU.Build.0 = Release|Any CPU
	EndGlobalSection
	GlobalSection(SolutionProperties) = preSolution
		HideSolutionNode = FALSE
	EndGlobalSection
	GlobalSection(ExtensibilityGlobals) = postSolution
		SolutionGuid = {8FCC4254-AB33-42CD-8D2D-974E1CAE2277}
	EndGlobalSection
EndGlobal
