
Microsoft Visual Studio Solution File, Format Version 12.00
# Visual Studio 15
VisualStudioVersion = 15.0.28307.421
MinimumVisualStudioVersion = 10.0.40219.1
Project("{FAE04EC0-301F-11D3-BF4B-00C04F79EFBC}") = "BertWebApiClient", "BertWebApiClient\BertWebApiClient.csproj", "{006A9C0D-8C19-4010-B01A-B0B76DD6CDC7}"
EndProject
Project("{FAE04EC0-301F-11D3-BF4B-00C04F79EFBC}") = "Common.JSON", "Common.JSON\Common.JSON.csproj", "{EF7B4F31-17B9-40FF-8334-196056BAB2D2}"
EndProject
Project("{FAE04EC0-301F-11D3-BF4B-00C04F79EFBC}") = "BertScout2019Data", "BertScout2019Data\BertScout2019Data.csproj", "{180DF173-92F6-45C4-9E4B-AE81568F507B}"
EndProject
Global
	GlobalSection(SolutionConfigurationPlatforms) = preSolution
		Debug|Any CPU = Debug|Any CPU
		Release|Any CPU = Release|Any CPU
	EndGlobalSection
	GlobalSection(ProjectConfigurationPlatforms) = postSolution
		{006A9C0D-8C19-4010-B01A-B0B76DD6CDC7}.Debug|Any CPU.ActiveCfg = Debug|Any CPU
		{006A9C0D-8C19-4010-B01A-B0B76DD6CDC7}.Debug|Any CPU.Build.0 = Debug|Any CPU
		{006A9C0D-8C19-4010-B01A-B0B76DD6CDC7}.Release|Any CPU.ActiveCfg = Release|Any CPU
		{006A9C0D-8C19-4010-B01A-B0B76DD6CDC7}.Release|Any CPU.Build.0 = Release|Any CPU
		{EF7B4F31-17B9-40FF-8334-196056BAB2D2}.Debug|Any CPU.ActiveCfg = Debug|Any CPU
		{EF7B4F31-17B9-40FF-8334-196056BAB2D2}.Debug|Any CPU.Build.0 = Debug|Any CPU
		{EF7B4F31-17B9-40FF-8334-196056BAB2D2}.Release|Any CPU.ActiveCfg = Release|Any CPU
		{EF7B4F31-17B9-40FF-8334-196056BAB2D2}.Release|Any CPU.Build.0 = Release|Any CPU
		{180DF173-92F6-45C4-9E4B-AE81568F507B}.Debug|Any CPU.ActiveCfg = Debug|Any CPU
		{180DF173-92F6-45C4-9E4B-AE81568F507B}.Debug|Any CPU.Build.0 = Debug|Any CPU
		{180DF173-92F6-45C4-9E4B-AE81568F507B}.Release|Any CPU.ActiveCfg = Release|Any CPU
		{180DF173-92F6-45C4-9E4B-AE81568F507B}.Release|Any CPU.Build.0 = Release|Any CPU
	EndGlobalSection
	GlobalSection(SolutionProperties) = preSolution
		HideSolutionNode = FALSE
	EndGlobalSection
	GlobalSection(ExtensibilityGlobals) = postSolution
		SolutionGuid = {976D81AE-93C8-4D24-BD4E-6F2760C3D594}
	EndGlobalSection
EndGlobal
