
Microsoft Visual Studio Solution File, Format Version 12.00
# Visual Studio 15
VisualStudioVersion = 15.0.28307.329
MinimumVisualStudioVersion = 10.0.40219.1
Project("{FAE04EC0-301F-11D3-BF4B-00C04F79EFBC}") = "WebService2019", "WebService2019\WebService2019.csproj", "{1645B704-017D-4AB1-A846-746424DA513F}"
EndProject
Project("{FAE04EC0-301F-11D3-BF4B-00C04F79EFBC}") = "Common.JSON", "..\Common.JSON\Common.JSON\Common.JSON.csproj", "{EF7B4F31-17B9-40FF-8334-196056BAB2D2}"
EndProject
Project("{FAE04EC0-301F-11D3-BF4B-00C04F79EFBC}") = "BertScout2019Data", "..\BertScout2019Data\BertScout2019Data.csproj", "{180DF173-92F6-45C4-9E4B-AE81568F507B}"
EndProject
Project("{FAE04EC0-301F-11D3-BF4B-00C04F79EFBC}") = "BertScout2019XmlData", "..\BertScout2019XmlData\BertScout2019XmlData.csproj", "{73F730D8-7556-4691-B051-6D77A971CD89}"
EndProject
Global
	GlobalSection(SolutionConfigurationPlatforms) = preSolution
		Debug|Any CPU = Debug|Any CPU
		Release|Any CPU = Release|Any CPU
	EndGlobalSection
	GlobalSection(ProjectConfigurationPlatforms) = postSolution
		{1645B704-017D-4AB1-A846-746424DA513F}.Debug|Any CPU.ActiveCfg = Debug|Any CPU
		{1645B704-017D-4AB1-A846-746424DA513F}.Debug|Any CPU.Build.0 = Debug|Any CPU
		{1645B704-017D-4AB1-A846-746424DA513F}.Release|Any CPU.ActiveCfg = Release|Any CPU
		{1645B704-017D-4AB1-A846-746424DA513F}.Release|Any CPU.Build.0 = Release|Any CPU
		{EF7B4F31-17B9-40FF-8334-196056BAB2D2}.Debug|Any CPU.ActiveCfg = Debug|Any CPU
		{EF7B4F31-17B9-40FF-8334-196056BAB2D2}.Debug|Any CPU.Build.0 = Debug|Any CPU
		{EF7B4F31-17B9-40FF-8334-196056BAB2D2}.Release|Any CPU.ActiveCfg = Release|Any CPU
		{EF7B4F31-17B9-40FF-8334-196056BAB2D2}.Release|Any CPU.Build.0 = Release|Any CPU
		{180DF173-92F6-45C4-9E4B-AE81568F507B}.Debug|Any CPU.ActiveCfg = Debug|Any CPU
		{180DF173-92F6-45C4-9E4B-AE81568F507B}.Debug|Any CPU.Build.0 = Debug|Any CPU
		{180DF173-92F6-45C4-9E4B-AE81568F507B}.Release|Any CPU.ActiveCfg = Release|Any CPU
		{180DF173-92F6-45C4-9E4B-AE81568F507B}.Release|Any CPU.Build.0 = Release|Any CPU
		{73F730D8-7556-4691-B051-6D77A971CD89}.Debug|Any CPU.ActiveCfg = Debug|Any CPU
		{73F730D8-7556-4691-B051-6D77A971CD89}.Debug|Any CPU.Build.0 = Debug|Any CPU
		{73F730D8-7556-4691-B051-6D77A971CD89}.Release|Any CPU.ActiveCfg = Release|Any CPU
		{73F730D8-7556-4691-B051-6D77A971CD89}.Release|Any CPU.Build.0 = Release|Any CPU
	EndGlobalSection
	GlobalSection(SolutionProperties) = preSolution
		HideSolutionNode = FALSE
	EndGlobalSection
	GlobalSection(ExtensibilityGlobals) = postSolution
		SolutionGuid = {14986D1C-B303-409C-B658-76261AEA3C68}
	EndGlobalSection
EndGlobal
