
Microsoft Visual Studio Solution File, Format Version 12.00
# Visual Studio 15
VisualStudioVersion = 15.0.28307.329
MinimumVisualStudioVersion = 10.0.40219.1
Project("{159641D6-6404-4A2A-AE62-294DE0FE8301}") = "ImportSqlData", "ImportSqlData\ImportSqlData.dtproj", "{C14C606A-7DF7-404A-A7F8-27E52EB255E5}"
EndProject
Global
	GlobalSection(SolutionConfigurationPlatforms) = preSolution
		Development|Default = Development|Default
	EndGlobalSection
	GlobalSection(ProjectConfigurationPlatforms) = postSolution
		{C14C606A-7DF7-404A-A7F8-27E52EB255E5}.Development|Default.ActiveCfg = Development
		{C14C606A-7DF7-404A-A7F8-27E52EB255E5}.Development|Default.Build.0 = Development
	EndGlobalSection
	GlobalSection(SolutionProperties) = preSolution
		HideSolutionNode = FALSE
	EndGlobalSection
	GlobalSection(ExtensibilityGlobals) = postSolution
		SolutionGuid = {FAC722EA-209C-425F-926D-F7EF8F68A9B7}
	EndGlobalSection
EndGlobal
